
Microsoft Visual Studio Solution File, Format Version 12.00
# Visual Studio Version 17
VisualStudioVersion = 17.9.34714.143
MinimumVisualStudioVersion = 10.0.40219.1
Project("{9A19103F-16F7-4668-BE54-9A1E7A4F7556}") = "MXBF4W_HFT_2023242.Client", "MXBF4W_HFT_2023242.Client\MXBF4W_HFT_2023242.Client.csproj", "{C5F2EDDB-4A5F-4E66-833A-13EF4D3535D1}"
EndProject
Project("{2150E333-8FDC-42A3-9474-1A3956D46DE8}") = "Shared", "Shared", "{76AE6572-F673-4BF2-89B3-1D143B969CE0}"
EndProject
Project("{9A19103F-16F7-4668-BE54-9A1E7A4F7556}") = "MXBF4W_HFT_2023242.Models", "MXBF4W_HFT_2023242.Models\MXBF4W_HFT_2023242.Models.csproj", "{9BB3FB23-C875-47CD-AA7D-3C243E262259}"
EndProject
Project("{2150E333-8FDC-42A3-9474-1A3956D46DE8}") = "Backend", "Backend", "{0151AB00-2DD9-41E3-BB65-4561B58557BB}"
EndProject
Project("{2150E333-8FDC-42A3-9474-1A3956D46DE8}") = "Frontend", "Frontend", "{72B2A0BF-98C0-4427-A835-CECCAC386A97}"
EndProject
Project("{9A19103F-16F7-4668-BE54-9A1E7A4F7556}") = "MXBF4W_HFT_2023242.Test", "MXBF4W_HFT_2023242.Test\MXBF4W_HFT_2023242.Test.csproj", "{E731F552-70A2-4337-93AC-8D0388BBA0FC}"
EndProject
Project("{9A19103F-16F7-4668-BE54-9A1E7A4F7556}") = "MXBF4W_HFT_2023242.Repository", "MXBF4W_HFT_2023242.Repository\MXBF4W_HFT_2023242.Repository.csproj", "{89CE0331-BD72-4414-A95D-52F757C75F14}"
EndProject
Project("{9A19103F-16F7-4668-BE54-9A1E7A4F7556}") = "MXBF4W_HFT_2023242.Logic", "MXBF4W_HFT_2023242.Logic\MXBF4W_HFT_2023242.Logic.csproj", "{4A00F41C-61E4-4535-977B-BC6DB2BA8709}"
EndProject
Project("{9A19103F-16F7-4668-BE54-9A1E7A4F7556}") = "MXBF4W_HFT_2023242.Endpoint", "MXBF4W_HFT_2023242.Endpoint\MXBF4W_HFT_2023242.Endpoint.csproj", "{370276FD-9179-4D38-952E-EB7BAAE29771}"
EndProject
Project("{2150E333-8FDC-42A3-9474-1A3956D46DE8}") = "Others", "Others", "{89027753-8713-4145-8CB5-7DBC0D5CC19E}"
	ProjectSection(SolutionItems) = preProject
		.gitignore = .gitignore
	EndProjectSection
EndProject
Global
	GlobalSection(SolutionConfigurationPlatforms) = preSolution
		Debug|Any CPU = Debug|Any CPU
		Release|Any CPU = Release|Any CPU
	EndGlobalSection
	GlobalSection(ProjectConfigurationPlatforms) = postSolution
		{C5F2EDDB-4A5F-4E66-833A-13EF4D3535D1}.Debug|Any CPU.ActiveCfg = Debug|Any CPU
		{C5F2EDDB-4A5F-4E66-833A-13EF4D3535D1}.Debug|Any CPU.Build.0 = Debug|Any CPU
		{C5F2EDDB-4A5F-4E66-833A-13EF4D3535D1}.Release|Any CPU.ActiveCfg = Release|Any CPU
		{C5F2EDDB-4A5F-4E66-833A-13EF4D3535D1}.Release|Any CPU.Build.0 = Release|Any CPU
		{9BB3FB23-C875-47CD-AA7D-3C243E262259}.Debug|Any CPU.ActiveCfg = Debug|Any CPU
		{9BB3FB23-C875-47CD-AA7D-3C243E262259}.Debug|Any CPU.Build.0 = Debug|Any CPU
		{9BB3FB23-C875-47CD-AA7D-3C243E262259}.Release|Any CPU.ActiveCfg = Release|Any CPU
		{9BB3FB23-C875-47CD-AA7D-3C243E262259}.Release|Any CPU.Build.0 = Release|Any CPU
		{E731F552-70A2-4337-93AC-8D0388BBA0FC}.Debug|Any CPU.ActiveCfg = Debug|Any CPU
		{E731F552-70A2-4337-93AC-8D0388BBA0FC}.Debug|Any CPU.Build.0 = Debug|Any CPU
		{E731F552-70A2-4337-93AC-8D0388BBA0FC}.Release|Any CPU.ActiveCfg = Release|Any CPU
		{E731F552-70A2-4337-93AC-8D0388BBA0FC}.Release|Any CPU.Build.0 = Release|Any CPU
		{89CE0331-BD72-4414-A95D-52F757C75F14}.Debug|Any CPU.ActiveCfg = Debug|Any CPU
		{89CE0331-BD72-4414-A95D-52F757C75F14}.Debug|Any CPU.Build.0 = Debug|Any CPU
		{89CE0331-BD72-4414-A95D-52F757C75F14}.Release|Any CPU.ActiveCfg = Release|Any CPU
		{89CE0331-BD72-4414-A95D-52F757C75F14}.Release|Any CPU.Build.0 = Release|Any CPU
		{4A00F41C-61E4-4535-977B-BC6DB2BA8709}.Debug|Any CPU.ActiveCfg = Debug|Any CPU
		{4A00F41C-61E4-4535-977B-BC6DB2BA8709}.Debug|Any CPU.Build.0 = Debug|Any CPU
		{4A00F41C-61E4-4535-977B-BC6DB2BA8709}.Release|Any CPU.ActiveCfg = Release|Any CPU
		{4A00F41C-61E4-4535-977B-BC6DB2BA8709}.Release|Any CPU.Build.0 = Release|Any CPU
		{370276FD-9179-4D38-952E-EB7BAAE29771}.Debug|Any CPU.ActiveCfg = Debug|Any CPU
		{370276FD-9179-4D38-952E-EB7BAAE29771}.Debug|Any CPU.Build.0 = Debug|Any CPU
		{370276FD-9179-4D38-952E-EB7BAAE29771}.Release|Any CPU.ActiveCfg = Release|Any CPU
		{370276FD-9179-4D38-952E-EB7BAAE29771}.Release|Any CPU.Build.0 = Release|Any CPU
	EndGlobalSection
	GlobalSection(SolutionProperties) = preSolution
		HideSolutionNode = FALSE
	EndGlobalSection
	GlobalSection(NestedProjects) = preSolution
		{C5F2EDDB-4A5F-4E66-833A-13EF4D3535D1} = {72B2A0BF-98C0-4427-A835-CECCAC386A97}
		{9BB3FB23-C875-47CD-AA7D-3C243E262259} = {76AE6572-F673-4BF2-89B3-1D143B969CE0}
		{E731F552-70A2-4337-93AC-8D0388BBA0FC} = {0151AB00-2DD9-41E3-BB65-4561B58557BB}
		{89CE0331-BD72-4414-A95D-52F757C75F14} = {0151AB00-2DD9-41E3-BB65-4561B58557BB}
		{4A00F41C-61E4-4535-977B-BC6DB2BA8709} = {0151AB00-2DD9-41E3-BB65-4561B58557BB}
		{370276FD-9179-4D38-952E-EB7BAAE29771} = {0151AB00-2DD9-41E3-BB65-4561B58557BB}
	EndGlobalSection
	GlobalSection(ExtensibilityGlobals) = postSolution
		SolutionGuid = {932DFF03-5F78-426C-9D22-62E7CE67A34A}
	EndGlobalSection
EndGlobal
